
Microsoft Visual Studio Solution File, Format Version 12.00
# Visual Studio Version 17
VisualStudioVersion = 17.10.34928.147
MinimumVisualStudioVersion = 10.0.40219.1
Project("{FAE04EC0-301F-11D3-BF4B-00C04F79EFBC}") = "nes-web-not", "nes-web-not\nes-web-not.csproj", "{00EEDAE9-9DF8-4CB3-8EBC-FC290AE400B9}"
EndProject
Project("{FAE04EC0-301F-11D3-BF4B-00C04F79EFBC}") = "nes-web-not.Tests", "nes-web-not.Tests\nes-web-not.Tests.csproj", "{435F9944-456E-4839-A04D-5C4002BF50F9}"
EndProject
Global
	GlobalSection(SolutionConfigurationPlatforms) = preSolution
		Debug|Any CPU = Debug|Any CPU
		Release|Any CPU = Release|Any CPU
	EndGlobalSection
	GlobalSection(ProjectConfigurationPlatforms) = postSolution
		{00EEDAE9-9DF8-4CB3-8EBC-FC290AE400B9}.Debug|Any CPU.ActiveCfg = Debug|Any CPU
		{00EEDAE9-9DF8-4CB3-8EBC-FC290AE400B9}.Debug|Any CPU.Build.0 = Debug|Any CPU
		{00EEDAE9-9DF8-4CB3-8EBC-FC290AE400B9}.Release|Any CPU.ActiveCfg = Release|Any CPU
		{00EEDAE9-9DF8-4CB3-8EBC-FC290AE400B9}.Release|Any CPU.Build.0 = Release|Any CPU
		{435F9944-456E-4839-A04D-5C4002BF50F9}.Debug|Any CPU.ActiveCfg = Debug|Any CPU
		{435F9944-456E-4839-A04D-5C4002BF50F9}.Debug|Any CPU.Build.0 = Debug|Any CPU
		{435F9944-456E-4839-A04D-5C4002BF50F9}.Release|Any CPU.ActiveCfg = Release|Any CPU
		{435F9944-456E-4839-A04D-5C4002BF50F9}.Release|Any CPU.Build.0 = Release|Any CPU
	EndGlobalSection
	GlobalSection(SolutionProperties) = preSolution
		HideSolutionNode = FALSE
	EndGlobalSection
	GlobalSection(ExtensibilityGlobals) = postSolution
		SolutionGuid = {13AC737F-C06C-46C2-A708-848089FE8477}
	EndGlobalSection
EndGlobal
